
Microsoft Visual Studio Solution File, Format Version 12.00
# Visual Studio 15
VisualStudioVersion = 15.0.28307.960
MinimumVisualStudioVersion = 10.0.40219.1
Project("{FAE04EC0-301F-11D3-BF4B-00C04F79EFBC}") = "xCoreServer", "xCoreServer_\xCoreServer.csproj", "{01A2F706-8AFF-42F5-BA13-0A89EA92A6A9}"
EndProject
Project("{FAE04EC0-301F-11D3-BF4B-00C04F79EFBC}") = "xCoreClient", "xCoreClient\xCoreClient.csproj", "{D798AD9A-13A4-4BF7-99B3-DB63A2174A80}"
EndProject
Global
	GlobalSection(SolutionConfigurationPlatforms) = preSolution
		Debug|Any CPU = Debug|Any CPU
		Release|Any CPU = Release|Any CPU
	EndGlobalSection
	GlobalSection(ProjectConfigurationPlatforms) = postSolution
		{01A2F706-8AFF-42F5-BA13-0A89EA92A6A9}.Debug|Any CPU.ActiveCfg = Debug|Any CPU
		{01A2F706-8AFF-42F5-BA13-0A89EA92A6A9}.Debug|Any CPU.Build.0 = Debug|Any CPU
		{01A2F706-8AFF-42F5-BA13-0A89EA92A6A9}.Release|Any CPU.ActiveCfg = Release|Any CPU
		{01A2F706-8AFF-42F5-BA13-0A89EA92A6A9}.Release|Any CPU.Build.0 = Release|Any CPU
		{D798AD9A-13A4-4BF7-99B3-DB63A2174A80}.Debug|Any CPU.ActiveCfg = Debug|Any CPU
		{D798AD9A-13A4-4BF7-99B3-DB63A2174A80}.Debug|Any CPU.Build.0 = Debug|Any CPU
		{D798AD9A-13A4-4BF7-99B3-DB63A2174A80}.Release|Any CPU.ActiveCfg = Release|Any CPU
		{D798AD9A-13A4-4BF7-99B3-DB63A2174A80}.Release|Any CPU.Build.0 = Release|Any CPU
	EndGlobalSection
	GlobalSection(SolutionProperties) = preSolution
		HideSolutionNode = FALSE
	EndGlobalSection
	GlobalSection(ExtensibilityGlobals) = postSolution
		SolutionGuid = {1E7452B5-47C8-48CB-AF99-B0BFC102DCED}
	EndGlobalSection
EndGlobal
